{
  "originHash" : "79be115d7f2e9b21bbd84a30572bd7bcb943d9399f2d0fd76d0249dd7b9a6125",
  "pins" : [
    {
      "identity" : "swifttreesitter",
      "kind" : "remoteSourceControl",
      "location" : "https://github.com/ChimeHQ/SwiftTreeSitter",
      "state" : {
        "revision" : "08ef81eb8620617b55b08868126707ad72bf754f",
        "version" : "0.25.0"
      }
    },
    {
      "identity" : "tree-sitter",
      "kind" : "remoteSourceControl",
      "location" : "https://github.com/tree-sitter/tree-sitter",
      "state" : {
        "revision" : "da6fe9beb4f7f67beb75914ca8e0d48ae48d6406",
        "version" : "0.25.10"
      }
    },
    {
      "identity" : "tree-sitter-swift",
      "kind" : "remoteSourceControl",
      "location" : "https://github.com/alex-pinkus/tree-sitter-swift",
      "state" : {
        "revision" : "31d17fe7e818a2048c808b5c6fdc2dc792f4f5b5",
        "version" : "0.7.3-with-generated-files"
      }
    }
  ],
  "version" : 3
}
